// !$*UTF8*$!
{
	archiveVersion = 1;
	classes = {
	};
	objectVersion = 52;
	objects = {

/* Begin PBXBuildFile section */
		37B82B412528B59000B912D3 /* OffsetViewController.swift in Sources */ = {isa = PBXBuildFile; fileRef = 37B82B402528B59000B912D3 /* OffsetViewController.swift */; };
		37B82B4D2528B69100B912D3 /* OffsetBuilder.swift in Sources */ = {isa = PBXBuildFile; fileRef = 37B82B4C2528B69100B912D3 /* OffsetBuilder.swift */; };
		37D1E2112529C84D00B80B9D /* Color+Ext.swift in Sources */ = {isa = PBXBuildFile; fileRef = 37D1E2102529C84D00B80B9D /* Color+Ext.swift */; };
		37D1E2152529C89D00B80B9D /* Button+Ext.swift in Sources */ = {isa = PBXBuildFile; fileRef = 37D1E2142529C89D00B80B9D /* Button+Ext.swift */; };
		37E7CB432528CFFA00117BEF /* Charts in Frameworks */ = {isa = PBXBuildFile; productRef = 37E7CB422528CFFA00117BEF /* Charts */; };
		37E7CB462528E3D400117BEF /* ProfileViewController.swift in Sources */ = {isa = PBXBuildFile; fileRef = 37E7CB452528E3D400117BEF /* ProfileViewController.swift */; };
		37E7CB4C2528E41C00117BEF /* ProfilePresenter.swift in Sources */ = {isa = PBXBuildFile; fileRef = 37E7CB4B2528E41C00117BEF /* ProfilePresenter.swift */; };
		37E7CB4F2528E42900117BEF /* ProfileRouter.swift in Sources */ = {isa = PBXBuildFile; fileRef = 37E7CB4E2528E42900117BEF /* ProfileRouter.swift */; };
		37E7CB522528E43B00117BEF /* ProfileBuilder.swift in Sources */ = {isa = PBXBuildFile; fileRef = 37E7CB512528E43A00117BEF /* ProfileBuilder.swift */; };
		37E7CB5B2528E4BD00117BEF /* SettingsViewController.swift in Sources */ = {isa = PBXBuildFile; fileRef = 37E7CB5A2528E4BD00117BEF /* SettingsViewController.swift */; };
		37E7CB5E2528E4CF00117BEF /* SettingsPresenter.swift in Sources */ = {isa = PBXBuildFile; fileRef = 37E7CB5D2528E4CF00117BEF /* SettingsPresenter.swift */; };
		37E7CB612528E4D800117BEF /* SettingsRouter.swift in Sources */ = {isa = PBXBuildFile; fileRef = 37E7CB602528E4D800117BEF /* SettingsRouter.swift */; };
		37E7CB642528E4E200117BEF /* SettingsBuilder.swift in Sources */ = {isa = PBXBuildFile; fileRef = 37E7CB632528E4E200117BEF /* SettingsBuilder.swift */; };
		37E7CB712528E52700117BEF /* OffsetPresenter.swift in Sources */ = {isa = PBXBuildFile; fileRef = 37E7CB702528E52700117BEF /* OffsetPresenter.swift */; };
		37E7CB742528E53500117BEF /* OffsetRouter.swift in Sources */ = {isa = PBXBuildFile; fileRef = 37E7CB732528E53500117BEF /* OffsetRouter.swift */; };
		37E7CB7B2528E5B600117BEF /* RecommendationsViewController.swift in Sources */ = {isa = PBXBuildFile; fileRef = 37E7CB7A2528E5B600117BEF /* RecommendationsViewController.swift */; };
		37E7CB7E2528E5CC00117BEF /* RecommendationsPresenter.swift in Sources */ = {isa = PBXBuildFile; fileRef = 37E7CB7D2528E5CC00117BEF /* RecommendationsPresenter.swift */; };
		37E7CB812528E5DC00117BEF /* RecommendationsRouter.swift in Sources */ = {isa = PBXBuildFile; fileRef = 37E7CB802528E5DC00117BEF /* RecommendationsRouter.swift */; };
		37E7CB842528E5ED00117BEF /* RecommendationsBuilder.swift in Sources */ = {isa = PBXBuildFile; fileRef = 37E7CB832528E5ED00117BEF /* RecommendationsBuilder.swift */; };
		37E7CB922528E67200117BEF /* NotificationsViewController.swift in Sources */ = {isa = PBXBuildFile; fileRef = 37E7CB912528E67200117BEF /* NotificationsViewController.swift */; };
		37E7CB952528E6B700117BEF /* NotificationsPresenter.swift in Sources */ = {isa = PBXBuildFile; fileRef = 37E7CB942528E6B700117BEF /* NotificationsPresenter.swift */; };
		37E7CB982528E6D200117BEF /* NotificationsRouter.swift in Sources */ = {isa = PBXBuildFile; fileRef = 37E7CB972528E6D200117BEF /* NotificationsRouter.swift */; };
		37E7CB9B2528E6DC00117BEF /* NotificationsBuilder.swift in Sources */ = {isa = PBXBuildFile; fileRef = 37E7CB9A2528E6DC00117BEF /* NotificationsBuilder.swift */; };
		37E7CBA82528E78F00117BEF /* AboutUsViewController.swift in Sources */ = {isa = PBXBuildFile; fileRef = 37E7CBA72528E78F00117BEF /* AboutUsViewController.swift */; };
		37E7CBAB2528E7A000117BEF /* AboutUsPresenter.swift in Sources */ = {isa = PBXBuildFile; fileRef = 37E7CBAA2528E7A000117BEF /* AboutUsPresenter.swift */; };
		37E7CBAE2528E7A800117BEF /* AboutUsRouter.swift in Sources */ = {isa = PBXBuildFile; fileRef = 37E7CBAD2528E7A800117BEF /* AboutUsRouter.swift */; };
		37E7CBB12528E7E800117BEF /* AboutUsBuilder.swift in Sources */ = {isa = PBXBuildFile; fileRef = 37E7CBB02528E7E800117BEF /* AboutUsBuilder.swift */; };
		37E7CBBE2528EE1100117BEF /* UIColor+Ext.swift in Sources */ = {isa = PBXBuildFile; fileRef = 37E7CBBD2528EE1100117BEF /* UIColor+Ext.swift */; };
		3B7FB3CA2528A19C008294A7 /* AppDelegate.swift in Sources */ = {isa = PBXBuildFile; fileRef = 3B7FB3C92528A19C008294A7 /* AppDelegate.swift */; };
		3B7FB3CC2528A19C008294A7 /* SceneDelegate.swift in Sources */ = {isa = PBXBuildFile; fileRef = 3B7FB3CB2528A19C008294A7 /* SceneDelegate.swift */; };
		3B7FB3CE2528A19C008294A7 /* MainViewController.swift in Sources */ = {isa = PBXBuildFile; fileRef = 3B7FB3CD2528A19C008294A7 /* MainViewController.swift */; };
		3B7FB3D12528A19C008294A7 /* Main.storyboard in Resources */ = {isa = PBXBuildFile; fileRef = 3B7FB3CF2528A19C008294A7 /* Main.storyboard */; };
		3B7FB3D32528A19C008294A7 /* Assets.xcassets in Resources */ = {isa = PBXBuildFile; fileRef = 3B7FB3D22528A19C008294A7 /* Assets.xcassets */; };
		3B7FB3D62528A19C008294A7 /* LaunchScreen.storyboard in Resources */ = {isa = PBXBuildFile; fileRef = 3B7FB3D42528A19C008294A7 /* LaunchScreen.storyboard */; };
		3B7FB3DF2528A2B6008294A7 /* MainPresenter.swift in Sources */ = {isa = PBXBuildFile; fileRef = 3B7FB3DE2528A2B6008294A7 /* MainPresenter.swift */; };
		3B7FB3E62528A435008294A7 /* MainBulder.swift in Sources */ = {isa = PBXBuildFile; fileRef = 3B7FB3E52528A435008294A7 /* MainBulder.swift */; };
		3B7FB3E92528A85A008294A7 /* MainRouter.swift in Sources */ = {isa = PBXBuildFile; fileRef = 3B7FB3E82528A85A008294A7 /* MainRouter.swift */; };
/* End PBXBuildFile section */

/* Begin PBXFileReference section */
		37B82B402528B59000B912D3 /* OffsetViewController.swift */ = {isa = PBXFileReference; fileEncoding = 4; lastKnownFileType = sourcecode.swift; path = OffsetViewController.swift; sourceTree = "<group>"; };
		37B82B4C2528B69100B912D3 /* OffsetBuilder.swift */ = {isa = PBXFileReference; fileEncoding = 4; lastKnownFileType = sourcecode.swift; path = OffsetBuilder.swift; sourceTree = "<group>"; };
		37D1E2102529C84D00B80B9D /* Color+Ext.swift */ = {isa = PBXFileReference; lastKnownFileType = sourcecode.swift; path = "Color+Ext.swift"; sourceTree = "<group>"; };
		37D1E2142529C89D00B80B9D /* Button+Ext.swift */ = {isa = PBXFileReference; lastKnownFileType = sourcecode.swift; path = "Button+Ext.swift"; sourceTree = "<group>"; };
		37E7CB452528E3D400117BEF /* ProfileViewController.swift */ = {isa = PBXFileReference; lastKnownFileType = sourcecode.swift; path = ProfileViewController.swift; sourceTree = "<group>"; };
		37E7CB4B2528E41C00117BEF /* ProfilePresenter.swift */ = {isa = PBXFileReference; lastKnownFileType = sourcecode.swift; path = ProfilePresenter.swift; sourceTree = "<group>"; };
		37E7CB4E2528E42900117BEF /* ProfileRouter.swift */ = {isa = PBXFileReference; lastKnownFileType = sourcecode.swift; path = ProfileRouter.swift; sourceTree = "<group>"; };
		37E7CB512528E43A00117BEF /* ProfileBuilder.swift */ = {isa = PBXFileReference; lastKnownFileType = sourcecode.swift; path = ProfileBuilder.swift; sourceTree = "<group>"; };
		37E7CB5A2528E4BD00117BEF /* SettingsViewController.swift */ = {isa = PBXFileReference; lastKnownFileType = sourcecode.swift; path = SettingsViewController.swift; sourceTree = "<group>"; };
		37E7CB5D2528E4CF00117BEF /* SettingsPresenter.swift */ = {isa = PBXFileReference; lastKnownFileType = sourcecode.swift; path = SettingsPresenter.swift; sourceTree = "<group>"; };
		37E7CB602528E4D800117BEF /* SettingsRouter.swift */ = {isa = PBXFileReference; lastKnownFileType = sourcecode.swift; path = SettingsRouter.swift; sourceTree = "<group>"; };
		37E7CB632528E4E200117BEF /* SettingsBuilder.swift */ = {isa = PBXFileReference; lastKnownFileType = sourcecode.swift; path = SettingsBuilder.swift; sourceTree = "<group>"; };
		37E7CB702528E52700117BEF /* OffsetPresenter.swift */ = {isa = PBXFileReference; lastKnownFileType = sourcecode.swift; path = OffsetPresenter.swift; sourceTree = "<group>"; };
		37E7CB732528E53500117BEF /* OffsetRouter.swift */ = {isa = PBXFileReference; lastKnownFileType = sourcecode.swift; path = OffsetRouter.swift; sourceTree = "<group>"; };
		37E7CB7A2528E5B600117BEF /* RecommendationsViewController.swift */ = {isa = PBXFileReference; lastKnownFileType = sourcecode.swift; path = RecommendationsViewController.swift; sourceTree = "<group>"; };
		37E7CB7D2528E5CC00117BEF /* RecommendationsPresenter.swift */ = {isa = PBXFileReference; lastKnownFileType = sourcecode.swift; path = RecommendationsPresenter.swift; sourceTree = "<group>"; };
		37E7CB802528E5DC00117BEF /* RecommendationsRouter.swift */ = {isa = PBXFileReference; lastKnownFileType = sourcecode.swift; path = RecommendationsRouter.swift; sourceTree = "<group>"; };
		37E7CB832528E5ED00117BEF /* RecommendationsBuilder.swift */ = {isa = PBXFileReference; lastKnownFileType = sourcecode.swift; path = RecommendationsBuilder.swift; sourceTree = "<group>"; };
		37E7CB912528E67200117BEF /* NotificationsViewController.swift */ = {isa = PBXFileReference; lastKnownFileType = sourcecode.swift; path = NotificationsViewController.swift; sourceTree = "<group>"; };
		37E7CB942528E6B700117BEF /* NotificationsPresenter.swift */ = {isa = PBXFileReference; lastKnownFileType = sourcecode.swift; path = NotificationsPresenter.swift; sourceTree = "<group>"; };
		37E7CB972528E6D200117BEF /* NotificationsRouter.swift */ = {isa = PBXFileReference; lastKnownFileType = sourcecode.swift; path = NotificationsRouter.swift; sourceTree = "<group>"; };
		37E7CB9A2528E6DC00117BEF /* NotificationsBuilder.swift */ = {isa = PBXFileReference; lastKnownFileType = sourcecode.swift; path = NotificationsBuilder.swift; sourceTree = "<group>"; };
		37E7CBA72528E78F00117BEF /* AboutUsViewController.swift */ = {isa = PBXFileReference; lastKnownFileType = sourcecode.swift; path = AboutUsViewController.swift; sourceTree = "<group>"; };
		37E7CBAA2528E7A000117BEF /* AboutUsPresenter.swift */ = {isa = PBXFileReference; lastKnownFileType = sourcecode.swift; path = AboutUsPresenter.swift; sourceTree = "<group>"; };
		37E7CBAD2528E7A800117BEF /* AboutUsRouter.swift */ = {isa = PBXFileReference; lastKnownFileType = sourcecode.swift; path = AboutUsRouter.swift; sourceTree = "<group>"; };
		37E7CBB02528E7E800117BEF /* AboutUsBuilder.swift */ = {isa = PBXFileReference; lastKnownFileType = sourcecode.swift; path = AboutUsBuilder.swift; sourceTree = "<group>"; };
		37E7CBBD2528EE1100117BEF /* UIColor+Ext.swift */ = {isa = PBXFileReference; lastKnownFileType = sourcecode.swift; path = "UIColor+Ext.swift"; sourceTree = "<group>"; };
		3B7FB3C62528A19C008294A7 /* SleepHelper.app */ = {isa = PBXFileReference; explicitFileType = wrapper.application; includeInIndex = 0; path = SleepHelper.app; sourceTree = BUILT_PRODUCTS_DIR; };
		3B7FB3C92528A19C008294A7 /* AppDelegate.swift */ = {isa = PBXFileReference; lastKnownFileType = sourcecode.swift; path = AppDelegate.swift; sourceTree = "<group>"; };
		3B7FB3CB2528A19C008294A7 /* SceneDelegate.swift */ = {isa = PBXFileReference; lastKnownFileType = sourcecode.swift; path = SceneDelegate.swift; sourceTree = "<group>"; };
		3B7FB3CD2528A19C008294A7 /* MainViewController.swift */ = {isa = PBXFileReference; lastKnownFileType = sourcecode.swift; path = MainViewController.swift; sourceTree = "<group>"; };
		3B7FB3D02528A19C008294A7 /* Base */ = {isa = PBXFileReference; lastKnownFileType = file.storyboard; name = Base; path = Base.lproj/Main.storyboard; sourceTree = "<group>"; };
		3B7FB3D22528A19C008294A7 /* Assets.xcassets */ = {isa = PBXFileReference; lastKnownFileType = folder.assetcatalog; path = Assets.xcassets; sourceTree = "<group>"; };
		3B7FB3D52528A19C008294A7 /* Base */ = {isa = PBXFileReference; lastKnownFileType = file.storyboard; name = Base; path = Base.lproj/LaunchScreen.storyboard; sourceTree = "<group>"; };
		3B7FB3D72528A19C008294A7 /* Info.plist */ = {isa = PBXFileReference; lastKnownFileType = text.plist.xml; path = Info.plist; sourceTree = "<group>"; };
		3B7FB3DE2528A2B6008294A7 /* MainPresenter.swift */ = {isa = PBXFileReference; lastKnownFileType = sourcecode.swift; path = MainPresenter.swift; sourceTree = "<group>"; };
		3B7FB3E52528A435008294A7 /* MainBulder.swift */ = {isa = PBXFileReference; lastKnownFileType = sourcecode.swift; path = MainBulder.swift; sourceTree = "<group>"; };
		3B7FB3E82528A85A008294A7 /* MainRouter.swift */ = {isa = PBXFileReference; lastKnownFileType = sourcecode.swift; path = MainRouter.swift; sourceTree = "<group>"; };
/* End PBXFileReference section */

/* Begin PBXFrameworksBuildPhase section */
		3B7FB3C32528A19B008294A7 /* Frameworks */ = {
			isa = PBXFrameworksBuildPhase;
			buildActionMask = 2147483647;
			files = (
				37E7CB432528CFFA00117BEF /* Charts in Frameworks */,
			);
			runOnlyForDeploymentPostprocessing = 0;
		};
/* End PBXFrameworksBuildPhase section */

/* Begin PBXGroup section */
		37B82B442528B5A200B912D3 /* Offset */ = {
			isa = PBXGroup;
			children = (
				37B82B462528B5E300B912D3 /* Controller */,
				37E7CB762528E53D00117BEF /* Presenter */,
				37E7CB782528E54400117BEF /* Router */,
				37B82B4B2528B65900B912D3 /* Builder */,
			);
			path = Offset;
			sourceTree = "<group>";
		};
		37B82B462528B5E300B912D3 /* Controller */ = {
			isa = PBXGroup;
			children = (
				37B82B402528B59000B912D3 /* OffsetViewController.swift */,
			);
			path = Controller;
			sourceTree = "<group>";
		};
		37B82B4B2528B65900B912D3 /* Builder */ = {
			isa = PBXGroup;
			children = (
				37B82B4C2528B69100B912D3 /* OffsetBuilder.swift */,
			);
			path = Builder;
			sourceTree = "<group>";
		};
		37D1E2172529C8B300B80B9D /* Extensions */ = {
			isa = PBXGroup;
			children = (
				37E7CBBD2528EE1100117BEF /* UIColor+Ext.swift */,
				37D1E2102529C84D00B80B9D /* Color+Ext.swift */,
				37D1E2142529C89D00B80B9D /* Button+Ext.swift */,
			);
			path = Extensions;
			sourceTree = "<group>";
		};
		37E7CB482528E3DA00117BEF /* Controller */ = {
			isa = PBXGroup;
			children = (
				37E7CB452528E3D400117BEF /* ProfileViewController.swift */,
			);
			path = Controller;
			sourceTree = "<group>";
		};
		37E7CB492528E3E900117BEF /* Profile */ = {
			isa = PBXGroup;
			children = (
				37E7CB482528E3DA00117BEF /* Controller */,
				37E7CB542528E44200117BEF /* Presenter */,
				37E7CB562528E46800117BEF /* Router */,
				37E7CB582528E46F00117BEF /* Builder */,
			);
			path = Profile;
			sourceTree = "<group>";
		};
		37E7CB542528E44200117BEF /* Presenter */ = {
			isa = PBXGroup;
			children = (
				37E7CB4B2528E41C00117BEF /* ProfilePresenter.swift */,
			);
			path = Presenter;
			sourceTree = "<group>";
		};
		37E7CB562528E46800117BEF /* Router */ = {
			isa = PBXGroup;
			children = (
				37E7CB4E2528E42900117BEF /* ProfileRouter.swift */,
			);
			path = Router;
			sourceTree = "<group>";
		};
		37E7CB582528E46F00117BEF /* Builder */ = {
			isa = PBXGroup;
			children = (
				37E7CB512528E43A00117BEF /* ProfileBuilder.swift */,
			);
			path = Builder;
			sourceTree = "<group>";
		};
		37E7CB662528E4E600117BEF /* Builder */ = {
			isa = PBXGroup;
			children = (
				37E7CB632528E4E200117BEF /* SettingsBuilder.swift */,
			);
			path = Builder;
			sourceTree = "<group>";
		};
		37E7CB682528E4EC00117BEF /* Router */ = {
			isa = PBXGroup;
			children = (
				37E7CB602528E4D800117BEF /* SettingsRouter.swift */,
			);
			path = Router;
			sourceTree = "<group>";
		};
		37E7CB6A2528E4F500117BEF /* Presenter */ = {
			isa = PBXGroup;
			children = (
				37E7CB5D2528E4CF00117BEF /* SettingsPresenter.swift */,
			);
			path = Presenter;
			sourceTree = "<group>";
		};
		37E7CB6C2528E4FF00117BEF /* Controller */ = {
			isa = PBXGroup;
			children = (
				37E7CB5A2528E4BD00117BEF /* SettingsViewController.swift */,
			);
			path = Controller;
			sourceTree = "<group>";
		};
		37E7CB6E2528E50C00117BEF /* Settings */ = {
			isa = PBXGroup;
			children = (
				37E7CB6C2528E4FF00117BEF /* Controller */,
				37E7CB6A2528E4F500117BEF /* Presenter */,
				37E7CB682528E4EC00117BEF /* Router */,
				37E7CB662528E4E600117BEF /* Builder */,
			);
			path = Settings;
			sourceTree = "<group>";
		};
		37E7CB762528E53D00117BEF /* Presenter */ = {
			isa = PBXGroup;
			children = (
				37E7CB702528E52700117BEF /* OffsetPresenter.swift */,
			);
			path = Presenter;
			sourceTree = "<group>";
		};
		37E7CB782528E54400117BEF /* Router */ = {
			isa = PBXGroup;
			children = (
				37E7CB732528E53500117BEF /* OffsetRouter.swift */,
			);
			path = Router;
			sourceTree = "<group>";
		};
		37E7CB862528E5F100117BEF /* Builder */ = {
			isa = PBXGroup;
			children = (
				37E7CB832528E5ED00117BEF /* RecommendationsBuilder.swift */,
			);
			path = Builder;
			sourceTree = "<group>";
		};
		37E7CB882528E5F800117BEF /* Router */ = {
			isa = PBXGroup;
			children = (
				37E7CB802528E5DC00117BEF /* RecommendationsRouter.swift */,
			);
			path = Router;
			sourceTree = "<group>";
		};
		37E7CB8A2528E63000117BEF /* Presenter */ = {
			isa = PBXGroup;
			children = (
				37E7CB7D2528E5CC00117BEF /* RecommendationsPresenter.swift */,
			);
			path = Presenter;
			sourceTree = "<group>";
		};
		37E7CB8C2528E63E00117BEF /* Controller */ = {
			isa = PBXGroup;
			children = (
				37E7CB7A2528E5B600117BEF /* RecommendationsViewController.swift */,
			);
			path = Controller;
			sourceTree = "<group>";
		};
		37E7CB8F2528E64B00117BEF /* Recommendations */ = {
			isa = PBXGroup;
			children = (
				37E7CB8C2528E63E00117BEF /* Controller */,
				37E7CB8A2528E63000117BEF /* Presenter */,
				37E7CB882528E5F800117BEF /* Router */,
				37E7CB862528E5F100117BEF /* Builder */,
			);
			path = Recommendations;
			sourceTree = "<group>";
		};
		37E7CB9D2528E6E100117BEF /* Builder */ = {
			isa = PBXGroup;
			children = (
				37E7CB9A2528E6DC00117BEF /* NotificationsBuilder.swift */,
			);
			path = Builder;
			sourceTree = "<group>";
		};
		37E7CB9F2528E6E700117BEF /* Router */ = {
			isa = PBXGroup;
			children = (
				37E7CB972528E6D200117BEF /* NotificationsRouter.swift */,
			);
			path = Router;
			sourceTree = "<group>";
		};
		37E7CBA12528E6ED00117BEF /* Presenter */ = {
			isa = PBXGroup;
			children = (
				37E7CB942528E6B700117BEF /* NotificationsPresenter.swift */,
			);
			path = Presenter;
			sourceTree = "<group>";
		};
		37E7CBA32528E6F900117BEF /* Controller */ = {
			isa = PBXGroup;
			children = (
				37E7CB912528E67200117BEF /* NotificationsViewController.swift */,
			);
			path = Controller;
			sourceTree = "<group>";
		};
		37E7CBA52528E70500117BEF /* Notifications */ = {
			isa = PBXGroup;
			children = (
				37E7CBA32528E6F900117BEF /* Controller */,
				37E7CBA12528E6ED00117BEF /* Presenter */,
				37E7CB9F2528E6E700117BEF /* Router */,
				37E7CB9D2528E6E100117BEF /* Builder */,
			);
			path = Notifications;
			sourceTree = "<group>";
		};
		37E7CBB32528E7EB00117BEF /* Builder */ = {
			isa = PBXGroup;
			children = (
				37E7CBB02528E7E800117BEF /* AboutUsBuilder.swift */,
			);
			path = Builder;
			sourceTree = "<group>";
		};
		37E7CBB52528E7F100117BEF /* Router */ = {
			isa = PBXGroup;
			children = (
				37E7CBAD2528E7A800117BEF /* AboutUsRouter.swift */,
			);
			path = Router;
			sourceTree = "<group>";
		};
		37E7CBB72528E7F800117BEF /* Presenter */ = {
			isa = PBXGroup;
			children = (
				37E7CBAA2528E7A000117BEF /* AboutUsPresenter.swift */,
			);
			path = Presenter;
			sourceTree = "<group>";
		};
		37E7CBB92528E7FE00117BEF /* Controller */ = {
			isa = PBXGroup;
			children = (
				37E7CBA72528E78F00117BEF /* AboutUsViewController.swift */,
			);
			path = Controller;
			sourceTree = "<group>";
		};
		37E7CBBA2528E80800117BEF /* AboutUs */ = {
			isa = PBXGroup;
			children = (
				37E7CBB92528E7FE00117BEF /* Controller */,
				37E7CBB72528E7F800117BEF /* Presenter */,
				37E7CBB52528E7F100117BEF /* Router */,
				37E7CBB32528E7EB00117BEF /* Builder */,
			);
			path = AboutUs;
			sourceTree = "<group>";
		};
		3B7FB3BD2528A19B008294A7 = {
			isa = PBXGroup;
			children = (
				3B7FB3C82528A19C008294A7 /* SleepHelper */,
				3B7FB3C72528A19C008294A7 /* Products */,
			);
			sourceTree = "<group>";
		};
		3B7FB3C72528A19C008294A7 /* Products */ = {
			isa = PBXGroup;
			children = (
				3B7FB3C62528A19C008294A7 /* SleepHelper.app */,
			);
			name = Products;
			sourceTree = "<group>";
		};
		3B7FB3C82528A19C008294A7 /* SleepHelper */ = {
			isa = PBXGroup;
			children = (
				37D1E2172529C8B300B80B9D /* Extensions */,
				3B7FB3F12528A8F9008294A7 /* SupportFiles */,
				37E7CBBA2528E80800117BEF /* AboutUs */,
				37E7CBA52528E70500117BEF /* Notifications */,
				37E7CB8F2528E64B00117BEF /* Recommendations */,
				37E7CB6E2528E50C00117BEF /* Settings */,
				37B82B442528B5A200B912D3 /* Offset */,
				37E7CB492528E3E900117BEF /* Profile */,
				3B7FB3EC2528A8B0008294A7 /* Main */,
				3B7FB3CF2528A19C008294A7 /* Main.storyboard */,
				3B7FB3D22528A19C008294A7 /* Assets.xcassets */,
				3B7FB3D42528A19C008294A7 /* LaunchScreen.storyboard */,
				3B7FB3D72528A19C008294A7 /* Info.plist */,
			);
			path = SleepHelper;
			sourceTree = "<group>";
		};
		3B7FB3EC2528A8B0008294A7 /* Main */ = {
			isa = PBXGroup;
			children = (
				3B7FB3ED2528A8C6008294A7 /* Controller */,
				3B7FB3EE2528A8CF008294A7 /* Presenter */,
				3B7FB3EF2528A8DF008294A7 /* Router */,
				3B7FB3F02528A8ED008294A7 /* Bilder */,
			);
			path = Main;
			sourceTree = "<group>";
		};
		3B7FB3ED2528A8C6008294A7 /* Controller */ = {
			isa = PBXGroup;
			children = (
				3B7FB3CD2528A19C008294A7 /* MainViewController.swift */,
			);
			path = Controller;
			sourceTree = "<group>";
		};
		3B7FB3EE2528A8CF008294A7 /* Presenter */ = {
			isa = PBXGroup;
			children = (
				3B7FB3DE2528A2B6008294A7 /* MainPresenter.swift */,
			);
			path = Presenter;
			sourceTree = "<group>";
		};
		3B7FB3EF2528A8DF008294A7 /* Router */ = {
			isa = PBXGroup;
			children = (
				3B7FB3E82528A85A008294A7 /* MainRouter.swift */,
			);
			path = Router;
			sourceTree = "<group>";
		};
		3B7FB3F02528A8ED008294A7 /* Bilder */ = {
			isa = PBXGroup;
			children = (
				3B7FB3E52528A435008294A7 /* MainBulder.swift */,
			);
			path = Bilder;
			sourceTree = "<group>";
		};
		3B7FB3F12528A8F9008294A7 /* SupportFiles */ = {
			isa = PBXGroup;
			children = (
				3B7FB3C92528A19C008294A7 /* AppDelegate.swift */,
				3B7FB3CB2528A19C008294A7 /* SceneDelegate.swift */,
			);
			path = SupportFiles;
			sourceTree = "<group>";
		};
/* End PBXGroup section */

/* Begin PBXNativeTarget section */
		3B7FB3C52528A19B008294A7 /* SleepHelper */ = {
			isa = PBXNativeTarget;
			buildConfigurationList = 3B7FB3DA2528A19D008294A7 /* Build configuration list for PBXNativeTarget "SleepHelper" */;
			buildPhases = (
				3B7FB3C22528A19B008294A7 /* Sources */,
				3B7FB3C32528A19B008294A7 /* Frameworks */,
				3B7FB3C42528A19B008294A7 /* Resources */,
			);
			buildRules = (
			);
			dependencies = (
			);
			name = SleepHelper;
			packageProductDependencies = (
				37E7CB422528CFFA00117BEF /* Charts */,
			);
			productName = SleepHelper;
			productReference = 3B7FB3C62528A19C008294A7 /* SleepHelper.app */;
			productType = "com.apple.product-type.application";
		};
/* End PBXNativeTarget section */

/* Begin PBXProject section */
		3B7FB3BE2528A19B008294A7 /* Project object */ = {
			isa = PBXProject;
			attributes = {
				LastSwiftUpdateCheck = 1200;
				LastUpgradeCheck = 1200;
				TargetAttributes = {
					3B7FB3C52528A19B008294A7 = {
						CreatedOnToolsVersion = 12.0.1;
					};
				};
			};
			buildConfigurationList = 3B7FB3C12528A19B008294A7 /* Build configuration list for PBXProject "SleepHelper" */;
			compatibilityVersion = "Xcode 9.3";
			developmentRegion = en;
			hasScannedForEncodings = 0;
			knownRegions = (
				en,
				Base,
			);
			mainGroup = 3B7FB3BD2528A19B008294A7;
			packageReferences = (
				37E7CB412528CFFA00117BEF /* XCRemoteSwiftPackageReference "Charts" */,
			);
			productRefGroup = 3B7FB3C72528A19C008294A7 /* Products */;
			projectDirPath = "";
			projectRoot = "";
			targets = (
				3B7FB3C52528A19B008294A7 /* SleepHelper */,
			);
		};
/* End PBXProject section */

/* Begin PBXResourcesBuildPhase section */
		3B7FB3C42528A19B008294A7 /* Resources */ = {
			isa = PBXResourcesBuildPhase;
			buildActionMask = 2147483647;
			files = (
				3B7FB3D62528A19C008294A7 /* LaunchScreen.storyboard in Resources */,
				3B7FB3D32528A19C008294A7 /* Assets.xcassets in Resources */,
				3B7FB3D12528A19C008294A7 /* Main.storyboard in Resources */,
			);
			runOnlyForDeploymentPostprocessing = 0;
		};
/* End PBXResourcesBuildPhase section */

/* Begin PBXSourcesBuildPhase section */
		3B7FB3C22528A19B008294A7 /* Sources */ = {
			isa = PBXSourcesBuildPhase;
			buildActionMask = 2147483647;
			files = (
				37E7CB842528E5ED00117BEF /* RecommendationsBuilder.swift in Sources */,
				37E7CBB12528E7E800117BEF /* AboutUsBuilder.swift in Sources */,
				37E7CBA82528E78F00117BEF /* AboutUsViewController.swift in Sources */,
				3B7FB3CE2528A19C008294A7 /* MainViewController.swift in Sources */,
				37B82B412528B59000B912D3 /* OffsetViewController.swift in Sources */,
				37D1E2112529C84D00B80B9D /* Color+Ext.swift in Sources */,
				3B7FB3CA2528A19C008294A7 /* AppDelegate.swift in Sources */,
				37E7CBBE2528EE1100117BEF /* UIColor+Ext.swift in Sources */,
				3B7FB3CC2528A19C008294A7 /* SceneDelegate.swift in Sources */,
				37E7CB7B2528E5B600117BEF /* RecommendationsViewController.swift in Sources */,
				37B82B4D2528B69100B912D3 /* OffsetBuilder.swift in Sources */,
				3B7FB3E62528A435008294A7 /* MainBulder.swift in Sources */,
				37E7CB9B2528E6DC00117BEF /* NotificationsBuilder.swift in Sources */,
				37E7CB462528E3D400117BEF /* ProfileViewController.swift in Sources */,
				37E7CB522528E43B00117BEF /* ProfileBuilder.swift in Sources */,
				37E7CB7E2528E5CC00117BEF /* RecommendationsPresenter.swift in Sources */,
				37E7CB642528E4E200117BEF /* SettingsBuilder.swift in Sources */,
				37E7CB742528E53500117BEF /* OffsetRouter.swift in Sources */,
				37E7CB712528E52700117BEF /* OffsetPresenter.swift in Sources */,
				37D1E2152529C89D00B80B9D /* Button+Ext.swift in Sources */,
				3B7FB3DF2528A2B6008294A7 /* MainPresenter.swift in Sources */,
				37E7CB612528E4D800117BEF /* SettingsRouter.swift in Sources */,
				37E7CB4C2528E41C00117BEF /* ProfilePresenter.swift in Sources */,
				37E7CB952528E6B700117BEF /* NotificationsPresenter.swift in Sources */,
				37E7CBAB2528E7A000117BEF /* AboutUsPresenter.swift in Sources */,
				37E7CB922528E67200117BEF /* NotificationsViewController.swift in Sources */,
				37E7CB5B2528E4BD00117BEF /* SettingsViewController.swift in Sources */,
				3B7FB3E92528A85A008294A7 /* MainRouter.swift in Sources */,
				37E7CB4F2528E42900117BEF /* ProfileRouter.swift in Sources */,
				37E7CB982528E6D200117BEF /* NotificationsRouter.swift in Sources */,
				37E7CB812528E5DC00117BEF /* RecommendationsRouter.swift in Sources */,
				37E7CB5E2528E4CF00117BEF /* SettingsPresenter.swift in Sources */,
				37E7CBAE2528E7A800117BEF /* AboutUsRouter.swift in Sources */,
			);
			runOnlyForDeploymentPostprocessing = 0;
		};
/* End PBXSourcesBuildPhase section */

/* Begin PBXVariantGroup section */
		3B7FB3CF2528A19C008294A7 /* Main.storyboard */ = {
			isa = PBXVariantGroup;
			children = (
				3B7FB3D02528A19C008294A7 /* Base */,
			);
			name = Main.storyboard;
			sourceTree = "<group>";
		};
		3B7FB3D42528A19C008294A7 /* LaunchScreen.storyboard */ = {
			isa = PBXVariantGroup;
			children = (
				3B7FB3D52528A19C008294A7 /* Base */,
			);
			name = LaunchScreen.storyboard;
			sourceTree = "<group>";
		};
/* End PBXVariantGroup section */

/* Begin XCBuildConfiguration section */
		3B7FB3D82528A19C008294A7 /* Debug */ = {
			isa = XCBuildConfiguration;
			buildSettings = {
				ALWAYS_SEARCH_USER_PATHS = NO;
				CLANG_ANALYZER_NONNULL = YES;
				CLANG_ANALYZER_NUMBER_OBJECT_CONVERSION = YES_AGGRESSIVE;
				CLANG_CXX_LANGUAGE_STANDARD = "gnu++14";
				CLANG_CXX_LIBRARY = "libc++";
				CLANG_ENABLE_MODULES = YES;
				CLANG_ENABLE_OBJC_ARC = YES;
				CLANG_ENABLE_OBJC_WEAK = YES;
				CLANG_WARN_BLOCK_CAPTURE_AUTORELEASING = YES;
				CLANG_WARN_BOOL_CONVERSION = YES;
				CLANG_WARN_COMMA = YES;
				CLANG_WARN_CONSTANT_CONVERSION = YES;
				CLANG_WARN_DEPRECATED_OBJC_IMPLEMENTATIONS = YES;
				CLANG_WARN_DIRECT_OBJC_ISA_USAGE = YES_ERROR;
				CLANG_WARN_DOCUMENTATION_COMMENTS = YES;
				CLANG_WARN_EMPTY_BODY = YES;
				CLANG_WARN_ENUM_CONVERSION = YES;
				CLANG_WARN_INFINITE_RECURSION = YES;
				CLANG_WARN_INT_CONVERSION = YES;
				CLANG_WARN_NON_LITERAL_NULL_CONVERSION = YES;
				CLANG_WARN_OBJC_IMPLICIT_RETAIN_SELF = YES;
				CLANG_WARN_OBJC_LITERAL_CONVERSION = YES;
				CLANG_WARN_OBJC_ROOT_CLASS = YES_ERROR;
				CLANG_WARN_QUOTED_INCLUDE_IN_FRAMEWORK_HEADER = YES;
				CLANG_WARN_RANGE_LOOP_ANALYSIS = YES;
				CLANG_WARN_STRICT_PROTOTYPES = YES;
				CLANG_WARN_SUSPICIOUS_MOVE = YES;
				CLANG_WARN_UNGUARDED_AVAILABILITY = YES_AGGRESSIVE;
				CLANG_WARN_UNREACHABLE_CODE = YES;
				CLANG_WARN__DUPLICATE_METHOD_MATCH = YES;
				COPY_PHASE_STRIP = NO;
				DEBUG_INFORMATION_FORMAT = dwarf;
				ENABLE_STRICT_OBJC_MSGSEND = YES;
				ENABLE_TESTABILITY = YES;
				GCC_C_LANGUAGE_STANDARD = gnu11;
				GCC_DYNAMIC_NO_PIC = NO;
				GCC_NO_COMMON_BLOCKS = YES;
				GCC_OPTIMIZATION_LEVEL = 0;
				GCC_PREPROCESSOR_DEFINITIONS = (
					"DEBUG=1",
					"$(inherited)",
				);
				GCC_WARN_64_TO_32_BIT_CONVERSION = YES;
				GCC_WARN_ABOUT_RETURN_TYPE = YES_ERROR;
				GCC_WARN_UNDECLARED_SELECTOR = YES;
				GCC_WARN_UNINITIALIZED_AUTOS = YES_AGGRESSIVE;
				GCC_WARN_UNUSED_FUNCTION = YES;
				GCC_WARN_UNUSED_VARIABLE = YES;
				IPHONEOS_DEPLOYMENT_TARGET = 14.0;
				MTL_ENABLE_DEBUG_INFO = INCLUDE_SOURCE;
				MTL_FAST_MATH = YES;
				ONLY_ACTIVE_ARCH = YES;
				SDKROOT = iphoneos;
				SWIFT_ACTIVE_COMPILATION_CONDITIONS = DEBUG;
				SWIFT_OPTIMIZATION_LEVEL = "-Onone";
			};
			name = Debug;
		};
		3B7FB3D92528A19C008294A7 /* Release */ = {
			isa = XCBuildConfiguration;
			buildSettings = {
				ALWAYS_SEARCH_USER_PATHS = NO;
				CLANG_ANALYZER_NONNULL = YES;
				CLANG_ANALYZER_NUMBER_OBJECT_CONVERSION = YES_AGGRESSIVE;
				CLANG_CXX_LANGUAGE_STANDARD = "gnu++14";
				CLANG_CXX_LIBRARY = "libc++";
				CLANG_ENABLE_MODULES = YES;
				CLANG_ENABLE_OBJC_ARC = YES;
				CLANG_ENABLE_OBJC_WEAK = YES;
				CLANG_WARN_BLOCK_CAPTURE_AUTORELEASING = YES;
				CLANG_WARN_BOOL_CONVERSION = YES;
				CLANG_WARN_COMMA = YES;
				CLANG_WARN_CONSTANT_CONVERSION = YES;
				CLANG_WARN_DEPRECATED_OBJC_IMPLEMENTATIONS = YES;
				CLANG_WARN_DIRECT_OBJC_ISA_USAGE = YES_ERROR;
				CLANG_WARN_DOCUMENTATION_COMMENTS = YES;
				CLANG_WARN_EMPTY_BODY = YES;
				CLANG_WARN_ENUM_CONVERSION = YES;
				CLANG_WARN_INFINITE_RECURSION = YES;
				CLANG_WARN_INT_CONVERSION = YES;
				CLANG_WARN_NON_LITERAL_NULL_CONVERSION = YES;
				CLANG_WARN_OBJC_IMPLICIT_RETAIN_SELF = YES;
				CLANG_WARN_OBJC_LITERAL_CONVERSION = YES;
				CLANG_WARN_OBJC_ROOT_CLASS = YES_ERROR;
				CLANG_WARN_QUOTED_INCLUDE_IN_FRAMEWORK_HEADER = YES;
				CLANG_WARN_RANGE_LOOP_ANALYSIS = YES;
				CLANG_WARN_STRICT_PROTOTYPES = YES;
				CLANG_WARN_SUSPICIOUS_MOVE = YES;
				CLANG_WARN_UNGUARDED_AVAILABILITY = YES_AGGRESSIVE;
				CLANG_WARN_UNREACHABLE_CODE = YES;
				CLANG_WARN__DUPLICATE_METHOD_MATCH = YES;
				COPY_PHASE_STRIP = NO;
				DEBUG_INFORMATION_FORMAT = "dwarf-with-dsym";
				ENABLE_NS_ASSERTIONS = NO;
				ENABLE_STRICT_OBJC_MSGSEND = YES;
				GCC_C_LANGUAGE_STANDARD = gnu11;
				GCC_NO_COMMON_BLOCKS = YES;
				GCC_WARN_64_TO_32_BIT_CONVERSION = YES;
				GCC_WARN_ABOUT_RETURN_TYPE = YES_ERROR;
				GCC_WARN_UNDECLARED_SELECTOR = YES;
				GCC_WARN_UNINITIALIZED_AUTOS = YES_AGGRESSIVE;
				GCC_WARN_UNUSED_FUNCTION = YES;
				GCC_WARN_UNUSED_VARIABLE = YES;
				IPHONEOS_DEPLOYMENT_TARGET = 14.0;
				MTL_ENABLE_DEBUG_INFO = NO;
				MTL_FAST_MATH = YES;
				SDKROOT = iphoneos;
				SWIFT_COMPILATION_MODE = wholemodule;
				SWIFT_OPTIMIZATION_LEVEL = "-O";
				VALIDATE_PRODUCT = YES;
			};
			name = Release;
		};
		3B7FB3DB2528A19D008294A7 /* Debug */ = {
			isa = XCBuildConfiguration;
			buildSettings = {
				ASSETCATALOG_COMPILER_APPICON_NAME = AppIcon;
				ASSETCATALOG_COMPILER_GLOBAL_ACCENT_COLOR_NAME = AccentColor;
				CODE_SIGN_IDENTITY = "Apple Development";
				CODE_SIGN_STYLE = Automatic;
				DEVELOPMENT_TEAM = 83X7MS6AY2;
				INFOPLIST_FILE = SleepHelper/Info.plist;
				LD_RUNPATH_SEARCH_PATHS = (
					"$(inherited)",
					"@executable_path/Frameworks",
				);
				PRODUCT_BUNDLE_IDENTIFIER = c4.SleepHelper1;
				PRODUCT_NAME = "$(TARGET_NAME)";
				PROVISIONING_PROFILE_SPECIFIER = "";
				SWIFT_VERSION = 5.0;
				TARGETED_DEVICE_FAMILY = "1,2";
			};
			name = Debug;
		};
		3B7FB3DC2528A19D008294A7 /* Release */ = {
			isa = XCBuildConfiguration;
			buildSettings = {
				ASSETCATALOG_COMPILER_APPICON_NAME = AppIcon;
				ASSETCATALOG_COMPILER_GLOBAL_ACCENT_COLOR_NAME = AccentColor;
				CODE_SIGN_IDENTITY = "Apple Development";
				CODE_SIGN_STYLE = Automatic;
				DEVELOPMENT_TEAM = 83X7MS6AY2;
				INFOPLIST_FILE = SleepHelper/Info.plist;
				LD_RUNPATH_SEARCH_PATHS = (
					"$(inherited)",
					"@executable_path/Frameworks",
				);
				PRODUCT_BUNDLE_IDENTIFIER = c4.SleepHelper1;
				PRODUCT_NAME = "$(TARGET_NAME)";
				PROVISIONING_PROFILE_SPECIFIER = "";
				SWIFT_VERSION = 5.0;
				TARGETED_DEVICE_FAMILY = "1,2";
			};
			name = Release;
		};
/* End XCBuildConfiguration section */

/* Begin XCConfigurationList section */
		3B7FB3C12528A19B008294A7 /* Build configuration list for PBXProject "SleepHelper" */ = {
			isa = XCConfigurationList;
			buildConfigurations = (
				3B7FB3D82528A19C008294A7 /* Debug */,
				3B7FB3D92528A19C008294A7 /* Release */,
			);
			defaultConfigurationIsVisible = 0;
			defaultConfigurationName = Release;
		};
		3B7FB3DA2528A19D008294A7 /* Build configuration list for PBXNativeTarget "SleepHelper" */ = {
			isa = XCConfigurationList;
			buildConfigurations = (
				3B7FB3DB2528A19D008294A7 /* Debug */,
				3B7FB3DC2528A19D008294A7 /* Release */,
			);
			defaultConfigurationIsVisible = 0;
			defaultConfigurationName = Release;
		};
/* End XCConfigurationList section */

/* Begin XCRemoteSwiftPackageReference section */
		37E7CB412528CFFA00117BEF /* XCRemoteSwiftPackageReference "Charts" */ = {
			isa = XCRemoteSwiftPackageReference;
			repositoryURL = "https://github.com/danielgindi/Charts";
			requirement = {
				branch = master;
				kind = branch;
			};
		};
/* End XCRemoteSwiftPackageReference section */

/* Begin XCSwiftPackageProductDependency section */
		37E7CB422528CFFA00117BEF /* Charts */ = {
			isa = XCSwiftPackageProductDependency;
			package = 37E7CB412528CFFA00117BEF /* XCRemoteSwiftPackageReference "Charts" */;
			productName = Charts;
		};
/* End XCSwiftPackageProductDependency section */
	};
	rootObject = 3B7FB3BE2528A19B008294A7 /* Project object */;
}
