// !$*UTF8*$!
{
	archiveVersion = 1;
	classes = {
	};
	objectVersion = 50;
	objects = {

/* Begin PBXBuildFile section */
		37B82B412528B59000B912D3 /* OffsetViewController.swift in Sources */ = {isa = PBXBuildFile; fileRef = 37B82B402528B59000B912D3 /* OffsetViewController.swift */; };
		37B82B4D2528B69100B912D3 /* OffsetBuilder.swift in Sources */ = {isa = PBXBuildFile; fileRef = 37B82B4C2528B69100B912D3 /* OffsetBuilder.swift */; };
		3B7FB3CA2528A19C008294A7 /* AppDelegate.swift in Sources */ = {isa = PBXBuildFile; fileRef = 3B7FB3C92528A19C008294A7 /* AppDelegate.swift */; };
		3B7FB3CC2528A19C008294A7 /* SceneDelegate.swift in Sources */ = {isa = PBXBuildFile; fileRef = 3B7FB3CB2528A19C008294A7 /* SceneDelegate.swift */; };
		3B7FB3CE2528A19C008294A7 /* MainViewController.swift in Sources */ = {isa = PBXBuildFile; fileRef = 3B7FB3CD2528A19C008294A7 /* MainViewController.swift */; };
		3B7FB3D12528A19C008294A7 /* Main.storyboard in Resources */ = {isa = PBXBuildFile; fileRef = 3B7FB3CF2528A19C008294A7 /* Main.storyboard */; };
		3B7FB3D32528A19C008294A7 /* Assets.xcassets in Resources */ = {isa = PBXBuildFile; fileRef = 3B7FB3D22528A19C008294A7 /* Assets.xcassets */; };
		3B7FB3D62528A19C008294A7 /* LaunchScreen.storyboard in Resources */ = {isa = PBXBuildFile; fileRef = 3B7FB3D42528A19C008294A7 /* LaunchScreen.storyboard */; };
		3B7FB3DF2528A2B6008294A7 /* MainPresenter.swift in Sources */ = {isa = PBXBuildFile; fileRef = 3B7FB3DE2528A2B6008294A7 /* MainPresenter.swift */; };
		3B7FB3E62528A435008294A7 /* MainBulder.swift in Sources */ = {isa = PBXBuildFile; fileRef = 3B7FB3E52528A435008294A7 /* MainBulder.swift */; };
		3B7FB3E92528A85A008294A7 /* MainRouter.swift in Sources */ = {isa = PBXBuildFile; fileRef = 3B7FB3E82528A85A008294A7 /* MainRouter.swift */; };
/* End PBXBuildFile section */

/* Begin PBXFileReference section */
		37B82B402528B59000B912D3 /* OffsetViewController.swift */ = {isa = PBXFileReference; fileEncoding = 4; lastKnownFileType = sourcecode.swift; path = OffsetViewController.swift; sourceTree = "<group>"; };
		37B82B4C2528B69100B912D3 /* OffsetBuilder.swift */ = {isa = PBXFileReference; fileEncoding = 4; lastKnownFileType = sourcecode.swift; path = OffsetBuilder.swift; sourceTree = "<group>"; };
		3B7FB3C62528A19C008294A7 /* SleepHelper.app */ = {isa = PBXFileReference; explicitFileType = wrapper.application; includeInIndex = 0; path = SleepHelper.app; sourceTree = BUILT_PRODUCTS_DIR; };
		3B7FB3C92528A19C008294A7 /* AppDelegate.swift */ = {isa = PBXFileReference; lastKnownFileType = sourcecode.swift; path = AppDelegate.swift; sourceTree = "<group>"; };
		3B7FB3CB2528A19C008294A7 /* SceneDelegate.swift */ = {isa = PBXFileReference; lastKnownFileType = sourcecode.swift; path = SceneDelegate.swift; sourceTree = "<group>"; };
		3B7FB3CD2528A19C008294A7 /* MainViewController.swift */ = {isa = PBXFileReference; lastKnownFileType = sourcecode.swift; path = MainViewController.swift; sourceTree = "<group>"; };
		3B7FB3D02528A19C008294A7 /* Base */ = {isa = PBXFileReference; lastKnownFileType = file.storyboard; name = Base; path = Base.lproj/Main.storyboard; sourceTree = "<group>"; };
		3B7FB3D22528A19C008294A7 /* Assets.xcassets */ = {isa = PBXFileReference; lastKnownFileType = folder.assetcatalog; path = Assets.xcassets; sourceTree = "<group>"; };
		3B7FB3D52528A19C008294A7 /* Base */ = {isa = PBXFileReference; lastKnownFileType = file.storyboard; name = Base; path = Base.lproj/LaunchScreen.storyboard; sourceTree = "<group>"; };
		3B7FB3D72528A19C008294A7 /* Info.plist */ = {isa = PBXFileReference; lastKnownFileType = text.plist.xml; path = Info.plist; sourceTree = "<group>"; };
		3B7FB3DE2528A2B6008294A7 /* MainPresenter.swift */ = {isa = PBXFileReference; lastKnownFileType = sourcecode.swift; path = MainPresenter.swift; sourceTree = "<group>"; };
		3B7FB3E52528A435008294A7 /* MainBulder.swift */ = {isa = PBXFileReference; lastKnownFileType = sourcecode.swift; path = MainBulder.swift; sourceTree = "<group>"; };
		3B7FB3E82528A85A008294A7 /* MainRouter.swift */ = {isa = PBXFileReference; lastKnownFileType = sourcecode.swift; path = MainRouter.swift; sourceTree = "<group>"; };
/* End PBXFileReference section */

/* Begin PBXFrameworksBuildPhase section */
		3B7FB3C32528A19B008294A7 /* Frameworks */ = {
			isa = PBXFrameworksBuildPhase;
			buildActionMask = 2147483647;
			files = (
			);
			runOnlyForDeploymentPostprocessing = 0;
		};
/* End PBXFrameworksBuildPhase section */

/* Begin PBXGroup section */
		37B82B442528B5A200B912D3 /* Offset */ = {
			isa = PBXGroup;
			children = (
				37B82B4B2528B65900B912D3 /* Builder */,
				37B82B462528B5E300B912D3 /* Controller */,
			);
			path = Offset;
			sourceTree = "<group>";
		};
		37B82B462528B5E300B912D3 /* Controller */ = {
			isa = PBXGroup;
			children = (
				37B82B402528B59000B912D3 /* OffsetViewController.swift */,
			);
			path = Controller;
			sourceTree = "<group>";
		};
		37B82B4B2528B65900B912D3 /* Builder */ = {
			isa = PBXGroup;
			children = (
				37B82B4C2528B69100B912D3 /* OffsetBuilder.swift */,
			);
			path = Builder;
			sourceTree = "<group>";
		};
		3B7FB3BD2528A19B008294A7 = {
			isa = PBXGroup;
			children = (
				3B7FB3C82528A19C008294A7 /* SleepHelper */,
				3B7FB3C72528A19C008294A7 /* Products */,
			);
			sourceTree = "<group>";
		};
		3B7FB3C72528A19C008294A7 /* Products */ = {
			isa = PBXGroup;
			children = (
				3B7FB3C62528A19C008294A7 /* SleepHelper.app */,
			);
			name = Products;
			sourceTree = "<group>";
		};
		3B7FB3C82528A19C008294A7 /* SleepHelper */ = {
			isa = PBXGroup;
			children = (
				37B82B442528B5A200B912D3 /* Offset */,
				3B7FB3F12528A8F9008294A7 /* SupportFiles */,
				3B7FB3EC2528A8B0008294A7 /* Main */,
				3B7FB3CF2528A19C008294A7 /* Main.storyboard */,
				3B7FB3D22528A19C008294A7 /* Assets.xcassets */,
				3B7FB3D42528A19C008294A7 /* LaunchScreen.storyboard */,
				3B7FB3D72528A19C008294A7 /* Info.plist */,
			);
			path = SleepHelper;
			sourceTree = "<group>";
		};
		3B7FB3EC2528A8B0008294A7 /* Main */ = {
			isa = PBXGroup;
			children = (
				3B7FB3ED2528A8C6008294A7 /* Controller */,
				3B7FB3EE2528A8CF008294A7 /* Presenter */,
				3B7FB3EF2528A8DF008294A7 /* Router */,
				3B7FB3F02528A8ED008294A7 /* Bilder */,
			);
			path = Main;
			sourceTree = "<group>";
		};
		3B7FB3ED2528A8C6008294A7 /* Controller */ = {
			isa = PBXGroup;
			children = (
				3B7FB3CD2528A19C008294A7 /* MainViewController.swift */,
			);
			path = Controller;
			sourceTree = "<group>";
		};
		3B7FB3EE2528A8CF008294A7 /* Presenter */ = {
			isa = PBXGroup;
			children = (
				3B7FB3DE2528A2B6008294A7 /* MainPresenter.swift */,
			);
			path = Presenter;
			sourceTree = "<group>";
		};
		3B7FB3EF2528A8DF008294A7 /* Router */ = {
			isa = PBXGroup;
			children = (
				3B7FB3E82528A85A008294A7 /* MainRouter.swift */,
			);
			path = Router;
			sourceTree = "<group>";
		};
		3B7FB3F02528A8ED008294A7 /* Bilder */ = {
			isa = PBXGroup;
			children = (
				3B7FB3E52528A435008294A7 /* MainBulder.swift */,
			);
			path = Bilder;
			sourceTree = "<group>";
		};
		3B7FB3F12528A8F9008294A7 /* SupportFiles */ = {
			isa = PBXGroup;
			children = (
				3B7FB3C92528A19C008294A7 /* AppDelegate.swift */,
				3B7FB3CB2528A19C008294A7 /* SceneDelegate.swift */,
			);
			path = SupportFiles;
			sourceTree = "<group>";
		};
/* End PBXGroup section */

/* Begin PBXNativeTarget section */
		3B7FB3C52528A19B008294A7 /* SleepHelper */ = {
			isa = PBXNativeTarget;
			buildConfigurationList = 3B7FB3DA2528A19D008294A7 /* Build configuration list for PBXNativeTarget "SleepHelper" */;
			buildPhases = (
				3B7FB3C22528A19B008294A7 /* Sources */,
				3B7FB3C32528A19B008294A7 /* Frameworks */,
				3B7FB3C42528A19B008294A7 /* Resources */,
			);
			buildRules = (
			);
			dependencies = (
			);
			name = SleepHelper;
			productName = SleepHelper;
			productReference = 3B7FB3C62528A19C008294A7 /* SleepHelper.app */;
			productType = "com.apple.product-type.application";
		};
/* End PBXNativeTarget section */

/* Begin PBXProject section */
		3B7FB3BE2528A19B008294A7 /* Project object */ = {
			isa = PBXProject;
			attributes = {
				LastSwiftUpdateCheck = 1200;
				LastUpgradeCheck = 1200;
				TargetAttributes = {
					3B7FB3C52528A19B008294A7 = {
						CreatedOnToolsVersion = 12.0.1;
					};
				};
			};
			buildConfigurationList = 3B7FB3C12528A19B008294A7 /* Build configuration list for PBXProject "SleepHelper" */;
			compatibilityVersion = "Xcode 9.3";
			developmentRegion = en;
			hasScannedForEncodings = 0;
			knownRegions = (
				en,
				Base,
			);
			mainGroup = 3B7FB3BD2528A19B008294A7;
			productRefGroup = 3B7FB3C72528A19C008294A7 /* Products */;
			projectDirPath = "";
			projectRoot = "";
			targets = (
				3B7FB3C52528A19B008294A7 /* SleepHelper */,
			);
		};
/* End PBXProject section */

/* Begin PBXResourcesBuildPhase section */
		3B7FB3C42528A19B008294A7 /* Resources */ = {
			isa = PBXResourcesBuildPhase;
			buildActionMask = 2147483647;
			files = (
				3B7FB3D62528A19C008294A7 /* LaunchScreen.storyboard in Resources */,
				3B7FB3D32528A19C008294A7 /* Assets.xcassets in Resources */,
				3B7FB3D12528A19C008294A7 /* Main.storyboard in Resources */,
			);
			runOnlyForDeploymentPostprocessing = 0;
		};
/* End PBXResourcesBuildPhase section */

/* Begin PBXSourcesBuildPhase section */
		3B7FB3C22528A19B008294A7 /* Sources */ = {
			isa = PBXSourcesBuildPhase;
			buildActionMask = 2147483647;
			files = (
				3B7FB3CE2528A19C008294A7 /* MainViewController.swift in Sources */,
				37B82B412528B59000B912D3 /* OffsetViewController.swift in Sources */,
				3B7FB3CA2528A19C008294A7 /* AppDelegate.swift in Sources */,
				3B7FB3CC2528A19C008294A7 /* SceneDelegate.swift in Sources */,
				37B82B4D2528B69100B912D3 /* OffsetBuilder.swift in Sources */,
				3B7FB3E62528A435008294A7 /* MainBulder.swift in Sources */,
				3B7FB3DF2528A2B6008294A7 /* MainPresenter.swift in Sources */,
				3B7FB3E92528A85A008294A7 /* MainRouter.swift in Sources */,
			);
			runOnlyForDeploymentPostprocessing = 0;
		};
/* End PBXSourcesBuildPhase section */

/* Begin PBXVariantGroup section */
		3B7FB3CF2528A19C008294A7 /* Main.storyboard */ = {
			isa = PBXVariantGroup;
			children = (
				3B7FB3D02528A19C008294A7 /* Base */,
			);
			name = Main.storyboard;
			sourceTree = "<group>";
		};
		3B7FB3D42528A19C008294A7 /* LaunchScreen.storyboard */ = {
			isa = PBXVariantGroup;
			children = (
				3B7FB3D52528A19C008294A7 /* Base */,
			);
			name = LaunchScreen.storyboard;
			sourceTree = "<group>";
		};
/* End PBXVariantGroup section */

/* Begin XCBuildConfiguration section */
		3B7FB3D82528A19C008294A7 /* Debug */ = {
			isa = XCBuildConfiguration;
			buildSettings = {
				ALWAYS_SEARCH_USER_PATHS = NO;
				CLANG_ANALYZER_NONNULL = YES;
				CLANG_ANALYZER_NUMBER_OBJECT_CONVERSION = YES_AGGRESSIVE;
				CLANG_CXX_LANGUAGE_STANDARD = "gnu++14";
				CLANG_CXX_LIBRARY = "libc++";
				CLANG_ENABLE_MODULES = YES;
				CLANG_ENABLE_OBJC_ARC = YES;
				CLANG_ENABLE_OBJC_WEAK = YES;
				CLANG_WARN_BLOCK_CAPTURE_AUTORELEASING = YES;
				CLANG_WARN_BOOL_CONVERSION = YES;
				CLANG_WARN_COMMA = YES;
				CLANG_WARN_CONSTANT_CONVERSION = YES;
				CLANG_WARN_DEPRECATED_OBJC_IMPLEMENTATIONS = YES;
				CLANG_WARN_DIRECT_OBJC_ISA_USAGE = YES_ERROR;
				CLANG_WARN_DOCUMENTATION_COMMENTS = YES;
				CLANG_WARN_EMPTY_BODY = YES;
				CLANG_WARN_ENUM_CONVERSION = YES;
				CLANG_WARN_INFINITE_RECURSION = YES;
				CLANG_WARN_INT_CONVERSION = YES;
				CLANG_WARN_NON_LITERAL_NULL_CONVERSION = YES;
				CLANG_WARN_OBJC_IMPLICIT_RETAIN_SELF = YES;
				CLANG_WARN_OBJC_LITERAL_CONVERSION = YES;
				CLANG_WARN_OBJC_ROOT_CLASS = YES_ERROR;
				CLANG_WARN_QUOTED_INCLUDE_IN_FRAMEWORK_HEADER = YES;
				CLANG_WARN_RANGE_LOOP_ANALYSIS = YES;
				CLANG_WARN_STRICT_PROTOTYPES = YES;
				CLANG_WARN_SUSPICIOUS_MOVE = YES;
				CLANG_WARN_UNGUARDED_AVAILABILITY = YES_AGGRESSIVE;
				CLANG_WARN_UNREACHABLE_CODE = YES;
				CLANG_WARN__DUPLICATE_METHOD_MATCH = YES;
				COPY_PHASE_STRIP = NO;
				DEBUG_INFORMATION_FORMAT = dwarf;
				ENABLE_STRICT_OBJC_MSGSEND = YES;
				ENABLE_TESTABILITY = YES;
				GCC_C_LANGUAGE_STANDARD = gnu11;
				GCC_DYNAMIC_NO_PIC = NO;
				GCC_NO_COMMON_BLOCKS = YES;
				GCC_OPTIMIZATION_LEVEL = 0;
				GCC_PREPROCESSOR_DEFINITIONS = (
					"DEBUG=1",
					"$(inherited)",
				);
				GCC_WARN_64_TO_32_BIT_CONVERSION = YES;
				GCC_WARN_ABOUT_RETURN_TYPE = YES_ERROR;
				GCC_WARN_UNDECLARED_SELECTOR = YES;
				GCC_WARN_UNINITIALIZED_AUTOS = YES_AGGRESSIVE;
				GCC_WARN_UNUSED_FUNCTION = YES;
				GCC_WARN_UNUSED_VARIABLE = YES;
				IPHONEOS_DEPLOYMENT_TARGET = 14.0;
				MTL_ENABLE_DEBUG_INFO = INCLUDE_SOURCE;
				MTL_FAST_MATH = YES;
				ONLY_ACTIVE_ARCH = YES;
				SDKROOT = iphoneos;
				SWIFT_ACTIVE_COMPILATION_CONDITIONS = DEBUG;
				SWIFT_OPTIMIZATION_LEVEL = "-Onone";
			};
			name = Debug;
		};
		3B7FB3D92528A19C008294A7 /* Release */ = {
			isa = XCBuildConfiguration;
			buildSettings = {
				ALWAYS_SEARCH_USER_PATHS = NO;
				CLANG_ANALYZER_NONNULL = YES;
				CLANG_ANALYZER_NUMBER_OBJECT_CONVERSION = YES_AGGRESSIVE;
				CLANG_CXX_LANGUAGE_STANDARD = "gnu++14";
				CLANG_CXX_LIBRARY = "libc++";
				CLANG_ENABLE_MODULES = YES;
				CLANG_ENABLE_OBJC_ARC = YES;
				CLANG_ENABLE_OBJC_WEAK = YES;
				CLANG_WARN_BLOCK_CAPTURE_AUTORELEASING = YES;
				CLANG_WARN_BOOL_CONVERSION = YES;
				CLANG_WARN_COMMA = YES;
				CLANG_WARN_CONSTANT_CONVERSION = YES;
				CLANG_WARN_DEPRECATED_OBJC_IMPLEMENTATIONS = YES;
				CLANG_WARN_DIRECT_OBJC_ISA_USAGE = YES_ERROR;
				CLANG_WARN_DOCUMENTATION_COMMENTS = YES;
				CLANG_WARN_EMPTY_BODY = YES;
				CLANG_WARN_ENUM_CONVERSION = YES;
				CLANG_WARN_INFINITE_RECURSION = YES;
				CLANG_WARN_INT_CONVERSION = YES;
				CLANG_WARN_NON_LITERAL_NULL_CONVERSION = YES;
				CLANG_WARN_OBJC_IMPLICIT_RETAIN_SELF = YES;
				CLANG_WARN_OBJC_LITERAL_CONVERSION = YES;
				CLANG_WARN_OBJC_ROOT_CLASS = YES_ERROR;
				CLANG_WARN_QUOTED_INCLUDE_IN_FRAMEWORK_HEADER = YES;
				CLANG_WARN_RANGE_LOOP_ANALYSIS = YES;
				CLANG_WARN_STRICT_PROTOTYPES = YES;
				CLANG_WARN_SUSPICIOUS_MOVE = YES;
				CLANG_WARN_UNGUARDED_AVAILABILITY = YES_AGGRESSIVE;
				CLANG_WARN_UNREACHABLE_CODE = YES;
				CLANG_WARN__DUPLICATE_METHOD_MATCH = YES;
				COPY_PHASE_STRIP = NO;
				DEBUG_INFORMATION_FORMAT = "dwarf-with-dsym";
				ENABLE_NS_ASSERTIONS = NO;
				ENABLE_STRICT_OBJC_MSGSEND = YES;
				GCC_C_LANGUAGE_STANDARD = gnu11;
				GCC_NO_COMMON_BLOCKS = YES;
				GCC_WARN_64_TO_32_BIT_CONVERSION = YES;
				GCC_WARN_ABOUT_RETURN_TYPE = YES_ERROR;
				GCC_WARN_UNDECLARED_SELECTOR = YES;
				GCC_WARN_UNINITIALIZED_AUTOS = YES_AGGRESSIVE;
				GCC_WARN_UNUSED_FUNCTION = YES;
				GCC_WARN_UNUSED_VARIABLE = YES;
				IPHONEOS_DEPLOYMENT_TARGET = 14.0;
				MTL_ENABLE_DEBUG_INFO = NO;
				MTL_FAST_MATH = YES;
				SDKROOT = iphoneos;
				SWIFT_COMPILATION_MODE = wholemodule;
				SWIFT_OPTIMIZATION_LEVEL = "-O";
				VALIDATE_PRODUCT = YES;
			};
			name = Release;
		};
		3B7FB3DB2528A19D008294A7 /* Debug */ = {
			isa = XCBuildConfiguration;
			buildSettings = {
				ASSETCATALOG_COMPILER_APPICON_NAME = AppIcon;
				ASSETCATALOG_COMPILER_GLOBAL_ACCENT_COLOR_NAME = AccentColor;
				CODE_SIGN_STYLE = Automatic;
				DEVELOPMENT_TEAM = 83X7MS6AY2;
				INFOPLIST_FILE = SleepHelper/Info.plist;
				LD_RUNPATH_SEARCH_PATHS = (
					"$(inherited)",
					"@executable_path/Frameworks",
				);
				PRODUCT_BUNDLE_IDENTIFIER = c4.SleepHelper1;
				PRODUCT_NAME = "$(TARGET_NAME)";
				SWIFT_VERSION = 5.0;
				TARGETED_DEVICE_FAMILY = "1,2";
			};
			name = Debug;
		};
		3B7FB3DC2528A19D008294A7 /* Release */ = {
			isa = XCBuildConfiguration;
			buildSettings = {
				ASSETCATALOG_COMPILER_APPICON_NAME = AppIcon;
				ASSETCATALOG_COMPILER_GLOBAL_ACCENT_COLOR_NAME = AccentColor;
				CODE_SIGN_STYLE = Automatic;
				DEVELOPMENT_TEAM = 83X7MS6AY2;
				INFOPLIST_FILE = SleepHelper/Info.plist;
				LD_RUNPATH_SEARCH_PATHS = (
					"$(inherited)",
					"@executable_path/Frameworks",
				);
				PRODUCT_BUNDLE_IDENTIFIER = c4.SleepHelper1;
				PRODUCT_NAME = "$(TARGET_NAME)";
				SWIFT_VERSION = 5.0;
				TARGETED_DEVICE_FAMILY = "1,2";
			};
			name = Release;
		};
/* End XCBuildConfiguration section */

/* Begin XCConfigurationList section */
		3B7FB3C12528A19B008294A7 /* Build configuration list for PBXProject "SleepHelper" */ = {
			isa = XCConfigurationList;
			buildConfigurations = (
				3B7FB3D82528A19C008294A7 /* Debug */,
				3B7FB3D92528A19C008294A7 /* Release */,
			);
			defaultConfigurationIsVisible = 0;
			defaultConfigurationName = Release;
		};
		3B7FB3DA2528A19D008294A7 /* Build configuration list for PBXNativeTarget "SleepHelper" */ = {
			isa = XCConfigurationList;
			buildConfigurations = (
				3B7FB3DB2528A19D008294A7 /* Debug */,
				3B7FB3DC2528A19D008294A7 /* Release */,
			);
			defaultConfigurationIsVisible = 0;
			defaultConfigurationName = Release;
		};
/* End XCConfigurationList section */
	};
	rootObject = 3B7FB3BE2528A19B008294A7 /* Project object */;
}
